dependencies:
- name: newrelic-infrastructure
  repository: https://newrelic.github.io/nri-kubernetes
  version: 3.12.0
- name: nri-prometheus
  repository: https://newrelic.github.io/nri-prometheus
  version: 2.1.15
- name: newrelic-prometheus-agent
  repository: https://newrelic.github.io/newrelic-prometheus-configurator
  version: 1.1.0
- name: nri-metadata-injection
  repository: https://newrelic.github.io/k8s-metadata-injection
  version: 4.0.0
- name: newrelic-k8s-metrics-adapter
  repository: https://newrelic.github.io/newrelic-k8s-metrics-adapter
  version: 1.0.0
- name: kube-state-metrics
  repository: https://prometheus-community.github.io/helm-charts
  version: 4.23.0
- name: nri-kube-events
  repository: https://newrelic.github.io/nri-kube-events
  version: 2.3.1
- name: newrelic-logging
  repository: https://newrelic.github.io/helm-charts
  version: 1.12.3
- name: newrelic-pixie
  repository: https://newrelic.github.io/helm-charts
  version: 2.0.2
- name: pixie-operator-chart
  repository: https://pixie-operator-charts.storage.googleapis.com
  version: 0.0.38
- name: newrelic-infra-operator
  repository: https://newrelic.github.io/newrelic-infra-operator
  version: 2.0.0
digest: sha256:30faba213d9a1402347ed7555ce817eecae0f92082b49ff6af91592694694cd7
generated: "2023-02-18T02:15:14.606691642Z"
